
Microsoft Visual Studio Solution File, Format Version 12.00
# Visual Studio Version 17
VisualStudioVersion = 17.4.33213.308
MinimumVisualStudioVersion = 10.0.40219.1
Project("{2150E333-8FDC-42A3-9474-1A3956D46DE8}") = "Osztály", "Osztály", "{0431A552-F02C-40E8-A782-35464968D78C}"
EndProject
Project("{FAE04EC0-301F-11D3-BF4B-00C04F79EFBC}") = "osztaly", "osztaly\osztaly.csproj", "{88DFAC8C-4460-497C-907C-5DF9B8CFAA36}"
EndProject
Project("{FAE04EC0-301F-11D3-BF4B-00C04F79EFBC}") = "poliform", "poliform\poliform.csproj", "{0B0D9E85-27A6-4C92-8AEE-C4A40A2C2DA0}"
EndProject
Global
	GlobalSection(SolutionConfigurationPlatforms) = preSolution
		Debug|Any CPU = Debug|Any CPU
		Release|Any CPU = Release|Any CPU
	EndGlobalSection
	GlobalSection(ProjectConfigurationPlatforms) = postSolution
		{88DFAC8C-4460-497C-907C-5DF9B8CFAA36}.Debug|Any CPU.ActiveCfg = Debug|Any CPU
		{88DFAC8C-4460-497C-907C-5DF9B8CFAA36}.Debug|Any CPU.Build.0 = Debug|Any CPU
		{88DFAC8C-4460-497C-907C-5DF9B8CFAA36}.Release|Any CPU.ActiveCfg = Release|Any CPU
		{88DFAC8C-4460-497C-907C-5DF9B8CFAA36}.Release|Any CPU.Build.0 = Release|Any CPU
		{0B0D9E85-27A6-4C92-8AEE-C4A40A2C2DA0}.Debug|Any CPU.ActiveCfg = Debug|Any CPU
		{0B0D9E85-27A6-4C92-8AEE-C4A40A2C2DA0}.Debug|Any CPU.Build.0 = Debug|Any CPU
		{0B0D9E85-27A6-4C92-8AEE-C4A40A2C2DA0}.Release|Any CPU.ActiveCfg = Release|Any CPU
		{0B0D9E85-27A6-4C92-8AEE-C4A40A2C2DA0}.Release|Any CPU.Build.0 = Release|Any CPU
	EndGlobalSection
	GlobalSection(SolutionProperties) = preSolution
		HideSolutionNode = FALSE
	EndGlobalSection
	GlobalSection(NestedProjects) = preSolution
		{88DFAC8C-4460-497C-907C-5DF9B8CFAA36} = {0431A552-F02C-40E8-A782-35464968D78C}
		{0B0D9E85-27A6-4C92-8AEE-C4A40A2C2DA0} = {0431A552-F02C-40E8-A782-35464968D78C}
	EndGlobalSection
	GlobalSection(ExtensibilityGlobals) = postSolution
		SolutionGuid = {2F925A27-F51F-414D-AECE-20A9828CEA47}
	EndGlobalSection
EndGlobal
